
Microsoft Visual Studio Solution File, Format Version 12.00
# Visual Studio 15
VisualStudioVersion = 15.0.26228.4
MinimumVisualStudioVersion = 10.0.40219.1
Project("{FAE04EC0-301F-11D3-BF4B-00C04F79EFBC}") = "ProjectMangerAPI", "ProjectMangerAPI\ProjectMangerAPI.csproj", "{1CA1DA73-DEDD-45BF-BC80-CACED502CB95}"
EndProject
Project("{FAE04EC0-301F-11D3-BF4B-00C04F79EFBC}") = "ProjectMangerAPI.Tests", "ProjectMangerAPI.Tests\ProjectMangerAPI.Tests.csproj", "{5D5B7F94-96EE-4B9F-A7C8-2DFE3E7CCCCD}"
EndProject
Project("{FAE04EC0-301F-11D3-BF4B-00C04F79EFBC}") = "ProjectManager.Repository", "ProjectManager.Repository\ProjectManager.Repository.csproj", "{204C6096-0519-43C5-BD10-12CF488E819B}"
EndProject
Project("{FAE04EC0-301F-11D3-BF4B-00C04F79EFBC}") = "ProjectManager.Business", "ProjectManager.Business\ProjectManager.Business.csproj", "{470D398F-777E-436B-805E-EAEEBFE547B2}"
EndProject
Project("{FAE04EC0-301F-11D3-BF4B-00C04F79EFBC}") = "ProjectManager.Entities", "ProjectManager.Entities\ProjectManager.Entities.csproj", "{70F2B859-85DD-41D7-8E23-C25FA96F0914}"
EndProject
Global
	GlobalSection(SolutionConfigurationPlatforms) = preSolution
		Debug|Any CPU = Debug|Any CPU
		Release|Any CPU = Release|Any CPU
	EndGlobalSection
	GlobalSection(ProjectConfigurationPlatforms) = postSolution
		{1CA1DA73-DEDD-45BF-BC80-CACED502CB95}.Debug|Any CPU.ActiveCfg = Debug|Any CPU
		{1CA1DA73-DEDD-45BF-BC80-CACED502CB95}.Debug|Any CPU.Build.0 = Debug|Any CPU
		{1CA1DA73-DEDD-45BF-BC80-CACED502CB95}.Release|Any CPU.ActiveCfg = Release|Any CPU
		{1CA1DA73-DEDD-45BF-BC80-CACED502CB95}.Release|Any CPU.Build.0 = Release|Any CPU
		{5D5B7F94-96EE-4B9F-A7C8-2DFE3E7CCCCD}.Debug|Any CPU.ActiveCfg = Debug|Any CPU
		{5D5B7F94-96EE-4B9F-A7C8-2DFE3E7CCCCD}.Debug|Any CPU.Build.0 = Debug|Any CPU
		{5D5B7F94-96EE-4B9F-A7C8-2DFE3E7CCCCD}.Release|Any CPU.ActiveCfg = Release|Any CPU
		{5D5B7F94-96EE-4B9F-A7C8-2DFE3E7CCCCD}.Release|Any CPU.Build.0 = Release|Any CPU
		{204C6096-0519-43C5-BD10-12CF488E819B}.Debug|Any CPU.ActiveCfg = Debug|Any CPU
		{204C6096-0519-43C5-BD10-12CF488E819B}.Debug|Any CPU.Build.0 = Debug|Any CPU
		{204C6096-0519-43C5-BD10-12CF488E819B}.Release|Any CPU.ActiveCfg = Release|Any CPU
		{204C6096-0519-43C5-BD10-12CF488E819B}.Release|Any CPU.Build.0 = Release|Any CPU
		{470D398F-777E-436B-805E-EAEEBFE547B2}.Debug|Any CPU.ActiveCfg = Debug|Any CPU
		{470D398F-777E-436B-805E-EAEEBFE547B2}.Debug|Any CPU.Build.0 = Debug|Any CPU
		{470D398F-777E-436B-805E-EAEEBFE547B2}.Release|Any CPU.ActiveCfg = Release|Any CPU
		{470D398F-777E-436B-805E-EAEEBFE547B2}.Release|Any CPU.Build.0 = Release|Any CPU
		{70F2B859-85DD-41D7-8E23-C25FA96F0914}.Debug|Any CPU.ActiveCfg = Debug|Any CPU
		{70F2B859-85DD-41D7-8E23-C25FA96F0914}.Debug|Any CPU.Build.0 = Debug|Any CPU
		{70F2B859-85DD-41D7-8E23-C25FA96F0914}.Release|Any CPU.ActiveCfg = Release|Any CPU
		{70F2B859-85DD-41D7-8E23-C25FA96F0914}.Release|Any CPU.Build.0 = Release|Any CPU
	EndGlobalSection
	GlobalSection(SolutionProperties) = preSolution
		HideSolutionNode = FALSE
	EndGlobalSection
EndGlobal
